// !$*UTF8*$!
{
	archiveVersion = 1;
	classes = {
	};
	objectVersion = 46;
	objects = {

/* Begin PBXBuildFile section */
		D6CE3E7D1D0E45D4003840B4 /* main.m in Sources */ = {isa = PBXBuildFile; fileRef = D6CE3E7C1D0E45D4003840B4 /* main.m */; };
		D6CE3E801D0E45D4003840B4 /* AppDelegate.m in Sources */ = {isa = PBXBuildFile; fileRef = D6CE3E7F1D0E45D4003840B4 /* AppDelegate.m */; };
		D6CE3E831D0E45D4003840B4 /* ViewController.m in Sources */ = {isa = PBXBuildFile; fileRef = D6CE3E821D0E45D4003840B4 /* ViewController.m */; };
		D6CE3E861D0E45D4003840B4 /* Main.storyboard in Resources */ = {isa = PBXBuildFile; fileRef = D6CE3E841D0E45D4003840B4 /* Main.storyboard */; };
		D6CE3E881D0E45D4003840B4 /* Assets.xcassets in Resources */ = {isa = PBXBuildFile; fileRef = D6CE3E871D0E45D4003840B4 /* Assets.xcassets */; };
		D6CE3E8B1D0E45D4003840B4 /* LaunchScreen.storyboard in Resources */ = {isa = PBXBuildFile; fileRef = D6CE3E891D0E45D4003840B4 /* LaunchScreen.storyboard */; };
/* End PBXBuildFile section */

/* Begin PBXFileReference section */
		D6CE3E781D0E45D4003840B4 /* practice2.app */ = {isa = PBXFileReference; explicitFileType = wrapper.application; includeInIndex = 0; path = practice2.app; sourceTree = BUILT_PRODUCTS_DIR; };
		D6CE3E7C1D0E45D4003840B4 /* main.m */ = {isa = PBXFileReference; lastKnownFileType = sourcecode.c.objc; path = main.m; sourceTree = "<group>"; };
		D6CE3E7E1D0E45D4003840B4 /* AppDelegate.h */ = {isa = PBXFileReference; lastKnownFileType = sourcecode.c.h; path = AppDelegate.h; sourceTree = "<group>"; };
		D6CE3E7F1D0E45D4003840B4 /* AppDelegate.m */ = {isa = PBXFileReference; lastKnownFileType = sourcecode.c.objc; path = AppDelegate.m; sourceTree = "<group>"; };
		D6CE3E811D0E45D4003840B4 /* ViewController.h */ = {isa = PBXFileReference; lastKnownFileType = sourcecode.c.h; path = ViewController.h; sourceTree = "<group>"; };
		D6CE3E821D0E45D4003840B4 /* ViewController.m */ = {isa = PBXFileReference; lastKnownFileType = sourcecode.c.objc; path = ViewController.m; sourceTree = "<group>"; };
		D6CE3E851D0E45D4003840B4 /* Base */ = {isa = PBXFileReference; lastKnownFileType = file.storyboard; name = Base; path = Base.lproj/Main.storyboard; sourceTree = "<group>"; };
		D6CE3E871D0E45D4003840B4 /* Assets.xcassets */ = {isa = PBXFileReference; lastKnownFileType = folder.assetcatalog; path = Assets.xcassets; sourceTree = "<group>"; };
		D6CE3E8A1D0E45D4003840B4 /* Base */ = {isa = PBXFileReference; lastKnownFileType = file.storyboard; name = Base; path = Base.lproj/LaunchScreen.storyboard; sourceTree = "<group>"; };
		D6CE3E8C1D0E45D4003840B4 /* Info.plist */ = {isa = PBXFileReference; lastKnownFileType = text.plist.xml; path = Info.plist; sourceTree = "<group>"; };
/* End PBXFileReference section */

/* Begin PBXFrameworksBuildPhase section */
		D6CE3E751D0E45D4003840B4 /* Frameworks */ = {
			isa = PBXFrameworksBuildPhase;
			buildActionMask = 2147483647;
			files = (
			);
			runOnlyForDeploymentPostprocessing = 0;
		};
/* End PBXFrameworksBuildPhase section */

/* Begin PBXGroup section */
		D6CE3E6F1D0E45D4003840B4 = {
			isa = PBXGroup;
			children = (
				D6CE3E7A1D0E45D4003840B4 /* practice2 */,
				D6CE3E791D0E45D4003840B4 /* Products */,
			);
			sourceTree = "<group>";
		};
		D6CE3E791D0E45D4003840B4 /* Products */ = {
			isa = PBXGroup;
			children = (
				D6CE3E781D0E45D4003840B4 /* practice2.app */,
			);
			name = Products;
			sourceTree = "<group>";
		};
		D6CE3E7A1D0E45D4003840B4 /* practice2 */ = {
			isa = PBXGroup;
			children = (
				D6CE3E7E1D0E45D4003840B4 /* AppDelegate.h */,
				D6CE3E7F1D0E45D4003840B4 /* AppDelegate.m */,
				D6CE3E811D0E45D4003840B4 /* ViewController.h */,
				D6CE3E821D0E45D4003840B4 /* ViewController.m */,
				D6CE3E841D0E45D4003840B4 /* Main.storyboard */,
				D6CE3E871D0E45D4003840B4 /* Assets.xcassets */,
				D6CE3E891D0E45D4003840B4 /* LaunchScreen.storyboard */,
				D6CE3E8C1D0E45D4003840B4 /* Info.plist */,
				D6CE3E7B1D0E45D4003840B4 /* Supporting Files */,
			);
			path = practice2;
			sourceTree = "<group>";
		};
		D6CE3E7B1D0E45D4003840B4 /* Supporting Files */ = {
			isa = PBXGroup;
			children = (
				D6CE3E7C1D0E45D4003840B4 /* main.m */,
			);
			name = "Supporting Files";
			sourceTree = "<group>";
		};
/* End PBXGroup section */

/* Begin PBXNativeTarget section */
		D6CE3E771D0E45D4003840B4 /* practice2 */ = {
			isa = PBXNativeTarget;
			buildConfigurationList = D6CE3E8F1D0E45D4003840B4 /* Build configuration list for PBXNativeTarget "practice2" */;
			buildPhases = (
				D6CE3E741D0E45D4003840B4 /* Sources */,
				D6CE3E751D0E45D4003840B4 /* Frameworks */,
				D6CE3E761D0E45D4003840B4 /* Resources */,
			);
			buildRules = (
			);
			dependencies = (
			);
			name = practice2;
			productName = practice2;
			productReference = D6CE3E781D0E45D4003840B4 /* practice2.app */;
			productType = "com.apple.product-type.application";
		};
/* End PBXNativeTarget section */

/* Begin PBXProject section */
		D6CE3E701D0E45D4003840B4 /* Project object */ = {
			isa = PBXProject;
			attributes = {
				LastUpgradeCheck = 0720;
				ORGANIZATIONNAME = Andy;
				TargetAttributes = {
					D6CE3E771D0E45D4003840B4 = {
						CreatedOnToolsVersion = 7.2;
					};
				};
			};
			buildConfigurationList = D6CE3E731D0E45D4003840B4 /* Build configuration list for PBXProject "practice2" */;
			compatibilityVersion = "Xcode 3.2";
			developmentRegion = English;
			hasScannedForEncodings = 0;
			knownRegions = (
				en,
				Base,
			);
			mainGroup = D6CE3E6F1D0E45D4003840B4;
			productRefGroup = D6CE3E791D0E45D4003840B4 /* Products */;
			projectDirPath = "";
			projectRoot = "";
			targets = (
				D6CE3E771D0E45D4003840B4 /* practice2 */,
			);
		};
/* End PBXProject section */

/* Begin PBXResourcesBuildPhase section */
		D6CE3E761D0E45D4003840B4 /* Resources */ = {
			isa = PBXResourcesBuildPhase;
			buildActionMask = 2147483647;
			files = (
				D6CE3E8B1D0E45D4003840B4 /* LaunchScreen.storyboard in Resources */,
				D6CE3E881D0E45D4003840B4 /* Assets.xcassets in Resources */,
				D6CE3E861D0E45D4003840B4 /* Main.storyboard in Resources */,
			);
			runOnlyForDeploymentPostprocessing = 0;
		};
/* End PBXResourcesBuildPhase section */

/* Begin PBXSourcesBuildPhase section */
		D6CE3E741D0E45D4003840B4 /* Sources */ = {
			isa = PBXSourcesBuildPhase;
			buildActionMask = 2147483647;
			files = (
				D6CE3E831D0E45D4003840B4 /* ViewController.m in Sources */,
				D6CE3E801D0E45D4003840B4 /* AppDelegate.m in Sources */,
				D6CE3E7D1D0E45D4003840B4 /* main.m in Sources */,
			);
			runOnlyForDeploymentPostprocessing = 0;
		};
/* End PBXSourcesBuildPhase section */

/* Begin PBXVariantGroup section */
		D6CE3E841D0E45D4003840B4 /* Main.storyboard */ = {
			isa = PBXVariantGroup;
			children = (
				D6CE3E851D0E45D4003840B4 /* Base */,
			);
			name = Main.storyboard;
			sourceTree = "<group>";
		};
		D6CE3E891D0E45D4003840B4 /* LaunchScreen.storyboard */ = {
			isa = PBXVariantGroup;
			children = (
				D6CE3E8A1D0E45D4003840B4 /* Base */,
			);
			name = LaunchScreen.storyboard;
			sourceTree = "<group>";
		};
/* End PBXVariantGroup section */

/* Begin XCBuildConfiguration section */
		D6CE3E8D1D0E45D4003840B4 /* Debug */ = {
			isa = XCBuildConfiguration;
			buildSettings = {
				ALWAYS_SEARCH_USER_PATHS = NO;
				CLANG_CXX_LANGUAGE_STANDARD = "gnu++0x";
				CLANG_CXX_LIBRARY = "libc++";
				CLANG_ENABLE_MODULES = YES;
				CLANG_ENABLE_OBJC_ARC = YES;
				CLANG_WARN_BOOL_CONVERSION = YES;
				CLANG_WARN_CONSTANT_CONVERSION = YES;
				CLANG_WARN_DIRECT_OBJC_ISA_USAGE = YES_ERROR;
				CLANG_WARN_EMPTY_BODY = YES;
				CLANG_WARN_ENUM_CONVERSION = YES;
				CLANG_WARN_INT_CONVERSION = YES;
				CLANG_WARN_OBJC_ROOT_CLASS = YES_ERROR;
				CLANG_WARN_UNREACHABLE_CODE = YES;
				CLANG_WARN__DUPLICATE_METHOD_MATCH = YES;
				"CODE_SIGN_IDENTITY[sdk=iphoneos*]" = "iPhone Developer";
				COPY_PHASE_STRIP = NO;
				DEBUG_INFORMATION_FORMAT = dwarf;
				ENABLE_STRICT_OBJC_MSGSEND = YES;
				ENABLE_TESTABILITY = YES;
				GCC_C_LANGUAGE_STANDARD = gnu99;
				GCC_DYNAMIC_NO_PIC = NO;
				GCC_NO_COMMON_BLOCKS = YES;
				GCC_OPTIMIZATION_LEVEL = 0;
				GCC_PREPROCESSOR_DEFINITIONS = (
					"DEBUG=1",
					"$(inherited)",
				);
				GCC_WARN_64_TO_32_BIT_CONVERSION = YES;
				GCC_WARN_ABOUT_RETURN_TYPE = YES_ERROR;
				GCC_WARN_UNDECLARED_SELECTOR = YES;
				GCC_WARN_UNINITIALIZED_AUTOS = YES_AGGRESSIVE;
				GCC_WARN_UNUSED_FUNCTION = YES;
				GCC_WARN_UNUSED_VARIABLE = YES;
				IPHONEOS_DEPLOYMENT_TARGET = 9.2;
				MTL_ENABLE_DEBUG_INFO = YES;
				ONLY_ACTIVE_ARCH = YES;
				SDKROOT = iphoneos;
			};
			name = Debug;
		};
		D6CE3E8E1D0E45D4003840B4 /* Release */ = {
			isa = XCBuildConfiguration;
			buildSettings = {
				ALWAYS_SEARCH_USER_PATHS = NO;
				CLANG_CXX_LANGUAGE_STANDARD = "gnu++0x";
				CLANG_CXX_LIBRARY = "libc++";
				CLANG_ENABLE_MODULES = YES;
				CLANG_ENABLE_OBJC_ARC = YES;
				CLANG_WARN_BOOL_CONVERSION = YES;
				CLANG_WARN_CONSTANT_CONVERSION = YES;
				CLANG_WARN_DIRECT_OBJC_ISA_USAGE = YES_ERROR;
				CLANG_WARN_EMPTY_BODY = YES;
				CLANG_WARN_ENUM_CONVERSION = YES;
				CLANG_WARN_INT_CONVERSION = YES;
				CLANG_WARN_OBJC_ROOT_CLASS = YES_ERROR;
				CLANG_WARN_UNREACHABLE_CODE = YES;
				CLANG_WARN__DUPLICATE_METHOD_MATCH = YES;
				"CODE_SIGN_IDENTITY[sdk=iphoneos*]" = "iPhone Developer";
				COPY_PHASE_STRIP = NO;
				DEBUG_INFORMATION_FORMAT = "dwarf-with-dsym";
				ENABLE_NS_ASSERTIONS = NO;
				ENABLE_STRICT_OBJC_MSGSEND = YES;
				GCC_C_LANGUAGE_STANDARD = gnu99;
				GCC_NO_COMMON_BLOCKS = YES;
				GCC_WARN_64_TO_32_BIT_CONVERSION = YES;
				GCC_WARN_ABOUT_RETURN_TYPE = YES_ERROR;
				GCC_WARN_UNDECLARED_SELECTOR = YES;
				GCC_WARN_UNINITIALIZED_AUTOS = YES_AGGRESSIVE;
				GCC_WARN_UNUSED_FUNCTION = YES;
				GCC_WARN_UNUSED_VARIABLE = YES;
				IPHONEOS_DEPLOYMENT_TARGET = 9.2;
				MTL_ENABLE_DEBUG_INFO = NO;
				SDKROOT = iphoneos;
				VALIDATE_PRODUCT = YES;
			};
			name = Release;
		};
		D6CE3E901D0E45D4003840B4 /* Debug */ = {
			isa = XCBuildConfiguration;
			buildSettings = {
				ASSETCATALOG_COMPILER_APPICON_NAME = AppIcon;
				INFOPLIST_FILE = practice2/Info.plist;
				LD_RUNPATH_SEARCH_PATHS = "$(inherited) @executable_path/Frameworks";
				PRODUCT_BUNDLE_IDENTIFIER = com.coder.Andy.practice2;
				PRODUCT_NAME = "$(TARGET_NAME)";
			};
			name = Debug;
		};
		D6CE3E911D0E45D4003840B4 /* Release */ = {
			isa = XCBuildConfiguration;
			buildSettings = {
				ASSETCATALOG_COMPILER_APPICON_NAME = AppIcon;
				INFOPLIST_FILE = practice2/Info.plist;
				LD_RUNPATH_SEARCH_PATHS = "$(inherited) @executable_path/Frameworks";
				PRODUCT_BUNDLE_IDENTIFIER = com.coder.Andy.practice2;
				PRODUCT_NAME = "$(TARGET_NAME)";
			};
			name = Release;
		};
/* End XCBuildConfiguration section */

/* Begin XCConfigurationList section */
		D6CE3E731D0E45D4003840B4 /* Build configuration list for PBXProject "practice2" */ = {
			isa = XCConfigurationList;
			buildConfigurations = (
				D6CE3E8D1D0E45D4003840B4 /* Debug */,
				D6CE3E8E1D0E45D4003840B4 /* Release */,
			);
			defaultConfigurationIsVisible = 0;
			defaultConfigurationName = Release;
		};
		D6CE3E8F1D0E45D4003840B4 /* Build configuration list for PBXNativeTarget "practice2" */ = {
			isa = XCConfigurationList;
			buildConfigurations = (
				D6CE3E901D0E45D4003840B4 /* Debug */,
				D6CE3E911D0E45D4003840B4 /* Release */,
			);
			defaultConfigurationIsVisible = 0;
		};
/* End XCConfigurationList section */
	};
	rootObject = D6CE3E701D0E45D4003840B4 /* Project object */;
}
